{
  "name": "src",
  "version": "1.0.0",
  "lockfileVersion": 1,
  "requires": true,
  "dependencies": {
    "@patternfly/pfe-sass": {
      "version": "2.3.0",
      "resolved": "https://pkgs.dev.azure.com/cnhi/125f751f-110c-4da6-971f-7771903e4c66/_packaging/webcomponents/npm/registry/@patternfly/pfe-sass/-/pfe-sass-2.3.0.tgz",
      "integrity": "sha1-Ic+lAEidBeGRxI84U842h7GJa84="
    },
    "@patternfly/pfe-tabs": {
      "version": "2.3.0",
      "resolved": "https://pkgs.dev.azure.com/cnhi/125f751f-110c-4da6-971f-7771903e4c66/_packaging/webcomponents/npm/registry/@patternfly/pfe-tabs/-/pfe-tabs-2.3.0.tgz",
      "integrity": "sha1-Q2a7Z+ZGS3YcZOdWHKpxsE2LN2c=",
      "requires": {
        "@patternfly/pfe-sass": "^2.3.0",
        "@patternfly/pfelement": "^2.3.0"
      }
    },
    "@patternfly/pfelement": {
      "version": "2.3.0",
      "resolved": "https://pkgs.dev.azure.com/cnhi/125f751f-110c-4da6-971f-7771903e4c66/_packaging/webcomponents/npm/registry/@patternfly/pfelement/-/pfelement-2.3.0.tgz",
      "integrity": "sha1-+QAjjyXdes//nzBSuDGDUu90uJw=",
      "requires": {
        "ie-array-find-polyfill": "^1.1.0",
        "string-includes-polyfill": "^1.0.2"
      }
    },
    "ie-array-find-polyfill": {
      "version": "1.1.0",
      "resolved": "https://pkgs.dev.azure.com/cnhi/125f751f-110c-4da6-971f-7771903e4c66/_packaging/webcomponents/npm/registry/ie-array-find-polyfill/-/ie-array-find-polyfill-1.1.0.tgz",
      "integrity": "sha1-UHjlM/Amgx2iK9dHZRPZRg1loUI="
    },
    "string-includes-polyfill": {
      "version": "1.0.3",
      "resolved": "https://pkgs.dev.azure.com/cnhi/125f751f-110c-4da6-971f-7771903e4c66/_packaging/webcomponents/npm/registry/string-includes-polyfill/-/string-includes-polyfill-1.0.3.tgz",
      "integrity": "sha1-S2ooi/8c8NPsXITUmEdLsE2mikw="
    }
  }
}
