{
  "name": "src",
  "version": "1.0.0",
  "lockfileVersion": 1,
  "requires": true,
  "dependencies": {
    "@patternfly/pfe-sass": {
      "version": "2.3.0",
      "resolved": "https://pkgs.dev.azure.com/cnhi/125f751f-110c-4da6-971f-7771903e4c66/_packaging/webcomponents/npm/registry/@patternfly/pfe-sass/-/pfe-sass-2.3.0.tgz",
      "integrity": "sha1-Ic+lAEidBeGRxI84U842h7GJa84="
    },
    "@patternfly/pfe-table": {
      "version": "2.3.0",
      "resolved": "https://pkgs.dev.azure.com/cnhi/125f751f-110c-4da6-971f-7771903e4c66/_packaging/webcomponents/npm/registry/@patternfly/pfe-table/-/pfe-table-2.3.0.tgz",
      "integrity": "sha1-d5hb3AYrqusRR1L6EcPKjuK3ypg=",
      "requires": {
        "@patternfly/pfe-sass": "^2.3.0",
        "@patternfly/pfelement": "^2.3.0",
        "ag-grid-community": "^23.2.0",
        "gh-pages": "^2.2.0"
      }
    },
    "@patternfly/pfe-tabs": {
      "version": "2.3.0",
      "resolved": "https://pkgs.dev.azure.com/cnhi/125f751f-110c-4da6-971f-7771903e4c66/_packaging/webcomponents/npm/registry/@patternfly/pfe-tabs/-/pfe-tabs-2.3.0.tgz",
      "integrity": "sha1-Q2a7Z+ZGS3YcZOdWHKpxsE2LN2c=",
      "requires": {
        "@patternfly/pfe-sass": "^2.3.0",
        "@patternfly/pfelement": "^2.3.0"
      }
    },
    "@patternfly/pfelement": {
      "version": "2.3.0",
      "resolved": "https://pkgs.dev.azure.com/cnhi/125f751f-110c-4da6-971f-7771903e4c66/_packaging/webcomponents/npm/registry/@patternfly/pfelement/-/pfelement-2.3.0.tgz",
      "integrity": "sha1-+QAjjyXdes//nzBSuDGDUu90uJw=",
      "requires": {
        "ie-array-find-polyfill": "^1.1.0",
        "string-includes-polyfill": "^1.0.2"
      }
    },
    "ag-grid-community": {
      "version": "23.2.1",
      "resolved": "https://pkgs.dev.azure.com/cnhi/125f751f-110c-4da6-971f-7771903e4c66/_packaging/webcomponents/npm/registry/ag-grid-community/-/ag-grid-community-23.2.1.tgz",
      "integrity": "sha1-DPK+t7ovz2akhl5F+qvb6hc9WbY="
    },
    "array-union": {
      "version": "1.0.2",
      "resolved": "https://pkgs.dev.azure.com/cnhi/125f751f-110c-4da6-971f-7771903e4c66/_packaging/webcomponents/npm/registry/array-union/-/array-union-1.0.2.tgz",
      "integrity": "sha1-mjRBDk9OPaI96jdb5b5w8kd47Dk=",
      "requires": {
        "array-uniq": "^1.0.1"
      }
    },
    "array-uniq": {
      "version": "1.0.3",
      "resolved": "https://pkgs.dev.azure.com/cnhi/125f751f-110c-4da6-971f-7771903e4c66/_packaging/webcomponents/npm/registry/array-uniq/-/array-uniq-1.0.3.tgz",
      "integrity": "sha1-r2rId6Jcx/dOBYiUdThY39sk/bY="
    },
    "async": {
      "version": "2.6.3",
      "resolved": "https://pkgs.dev.azure.com/cnhi/125f751f-110c-4da6-971f-7771903e4c66/_packaging/webcomponents/npm/registry/async/-/async-2.6.3.tgz",
      "integrity": "sha1-1yYl4jRKNlbjo61Pp0n6gymdgv8=",
      "requires": {
        "lodash": "^4.17.14"
      }
    },
    "balanced-match": {
      "version": "1.0.0",
      "resolved": "https://pkgs.dev.azure.com/cnhi/125f751f-110c-4da6-971f-7771903e4c66/_packaging/webcomponents/npm/registry/balanced-match/-/balanced-match-1.0.0.tgz",
      "integrity": "sha1-ibTRmasr7kneFk6gK4nORi1xt2c="
    },
    "brace-expansion": {
      "version": "1.1.11",
      "resolved": "https://pkgs.dev.azure.com/cnhi/125f751f-110c-4da6-971f-7771903e4c66/_packaging/webcomponents/npm/registry/brace-expansion/-/brace-expansion-1.1.11.tgz",
      "integrity": "sha1-PH/L9SnYcibz0vUrlm/1Jx60Qd0=",
      "requires": {
        "balanced-match": "^1.0.0",
        "concat-map": "0.0.1"
      }
    },
    "commander": {
      "version": "2.20.3",
      "resolved": "https://pkgs.dev.azure.com/cnhi/125f751f-110c-4da6-971f-7771903e4c66/_packaging/webcomponents/npm/registry/commander/-/commander-2.20.3.tgz",
      "integrity": "sha1-/UhehMA+tIgcIHIrpIA16FMa6zM="
    },
    "concat-map": {
      "version": "0.0.1",
      "resolved": "https://pkgs.dev.azure.com/cnhi/125f751f-110c-4da6-971f-7771903e4c66/_packaging/webcomponents/npm/registry/concat-map/-/concat-map-0.0.1.tgz",
      "integrity": "sha1-2Klr13/Wjfd5OnMDajug1UBdR3s="
    },
    "email-addresses": {
      "version": "3.1.0",
      "resolved": "https://pkgs.dev.azure.com/cnhi/125f751f-110c-4da6-971f-7771903e4c66/_packaging/webcomponents/npm/registry/email-addresses/-/email-addresses-3.1.0.tgz",
      "integrity": "sha1-yr9+CFy9tjAIpwMZp05hNhiIEvs="
    },
    "escape-string-regexp": {
      "version": "1.0.5",
      "resolved": "https://pkgs.dev.azure.com/cnhi/125f751f-110c-4da6-971f-7771903e4c66/_packaging/webcomponents/npm/registry/escape-string-regexp/-/escape-string-regexp-1.0.5.tgz",
      "integrity": "sha1-G2HAViGQqN/2rjuyzwIAyhMLhtQ="
    },
    "filename-reserved-regex": {
      "version": "1.0.0",
      "resolved": "https://pkgs.dev.azure.com/cnhi/125f751f-110c-4da6-971f-7771903e4c66/_packaging/webcomponents/npm/registry/filename-reserved-regex/-/filename-reserved-regex-1.0.0.tgz",
      "integrity": "sha1-5hz4BfDeHJhFZ9A4bcXfUO5a9+Q="
    },
    "filenamify": {
      "version": "1.2.1",
      "resolved": "https://pkgs.dev.azure.com/cnhi/125f751f-110c-4da6-971f-7771903e4c66/_packaging/webcomponents/npm/registry/filenamify/-/filenamify-1.2.1.tgz",
      "integrity": "sha1-qfL/0RxQO+0wABUCknI3jx8TZaU=",
      "requires": {
        "filename-reserved-regex": "^1.0.0",
        "strip-outer": "^1.0.0",
        "trim-repeated": "^1.0.0"
      }
    },
    "filenamify-url": {
      "version": "1.0.0",
      "resolved": "https://pkgs.dev.azure.com/cnhi/125f751f-110c-4da6-971f-7771903e4c66/_packaging/webcomponents/npm/registry/filenamify-url/-/filenamify-url-1.0.0.tgz",
      "integrity": "sha1-syvYExnvWGO3MHi+1Q9GpPeXX1A=",
      "requires": {
        "filenamify": "^1.0.0",
        "humanize-url": "^1.0.0"
      }
    },
    "fs-extra": {
      "version": "8.1.0",
      "resolved": "https://pkgs.dev.azure.com/cnhi/125f751f-110c-4da6-971f-7771903e4c66/_packaging/webcomponents/npm/registry/fs-extra/-/fs-extra-8.1.0.tgz",
      "integrity": "sha1-SdQ8RaiM2Wd2aMt74bRu/bjS4cA=",
      "requires": {
        "graceful-fs": "^4.2.0",
        "jsonfile": "^4.0.0",
        "universalify": "^0.1.0"
      }
    },
    "fs.realpath": {
      "version": "1.0.0",
      "resolved": "https://pkgs.dev.azure.com/cnhi/125f751f-110c-4da6-971f-7771903e4c66/_packaging/webcomponents/npm/registry/fs.realpath/-/fs.realpath-1.0.0.tgz",
      "integrity": "sha1-FQStJSMVjKpA20onh8sBQRmU6k8="
    },
    "gh-pages": {
      "version": "2.2.0",
      "resolved": "https://pkgs.dev.azure.com/cnhi/125f751f-110c-4da6-971f-7771903e4c66/_packaging/webcomponents/npm/registry/gh-pages/-/gh-pages-2.2.0.tgz",
      "integrity": "sha1-dOvqyo0rmhEnncvUo53f/z5sqiQ=",
      "requires": {
        "async": "^2.6.1",
        "commander": "^2.18.0",
        "email-addresses": "^3.0.1",
        "filenamify-url": "^1.0.0",
        "fs-extra": "^8.1.0",
        "globby": "^6.1.0"
      }
    },
    "glob": {
      "version": "7.1.6",
      "resolved": "https://pkgs.dev.azure.com/cnhi/125f751f-110c-4da6-971f-7771903e4c66/_packaging/webcomponents/npm/registry/glob/-/glob-7.1.6.tgz",
      "integrity": "sha1-FB8zuBp8JJLhJVlDB0gMRmeSeKY=",
      "requires": {
        "fs.realpath": "^1.0.0",
        "inflight": "^1.0.4",
        "inherits": "2",
        "minimatch": "^3.0.4",
        "once": "^1.3.0",
        "path-is-absolute": "^1.0.0"
      }
    },
    "globby": {
      "version": "6.1.0",
      "resolved": "https://pkgs.dev.azure.com/cnhi/125f751f-110c-4da6-971f-7771903e4c66/_packaging/webcomponents/npm/registry/globby/-/globby-6.1.0.tgz",
      "integrity": "sha1-9abXDoOV4hyFj7BInWTfAkJNUGw=",
      "requires": {
        "array-union": "^1.0.1",
        "glob": "^7.0.3",
        "object-assign": "^4.0.1",
        "pify": "^2.0.0",
        "pinkie-promise": "^2.0.0"
      }
    },
    "graceful-fs": {
      "version": "4.2.4",
      "resolved": "https://pkgs.dev.azure.com/cnhi/125f751f-110c-4da6-971f-7771903e4c66/_packaging/webcomponents/npm/registry/graceful-fs/-/graceful-fs-4.2.4.tgz",
      "integrity": "sha1-Ila94U02MpWMRl68ltxGfKB6Kfs="
    },
    "humanize-url": {
      "version": "1.0.1",
      "resolved": "https://pkgs.dev.azure.com/cnhi/125f751f-110c-4da6-971f-7771903e4c66/_packaging/webcomponents/npm/registry/humanize-url/-/humanize-url-1.0.1.tgz",
      "integrity": "sha1-9KuZ4NKIF0yk4eUEB8VfuuRk7/8=",
      "requires": {
        "normalize-url": "^1.0.0",
        "strip-url-auth": "^1.0.0"
      }
    },
    "ie-array-find-polyfill": {
      "version": "1.1.0",
      "resolved": "https://pkgs.dev.azure.com/cnhi/125f751f-110c-4da6-971f-7771903e4c66/_packaging/webcomponents/npm/registry/ie-array-find-polyfill/-/ie-array-find-polyfill-1.1.0.tgz",
      "integrity": "sha1-UHjlM/Amgx2iK9dHZRPZRg1loUI="
    },
    "inflight": {
      "version": "1.0.6",
      "resolved": "https://pkgs.dev.azure.com/cnhi/125f751f-110c-4da6-971f-7771903e4c66/_packaging/webcomponents/npm/registry/inflight/-/inflight-1.0.6.tgz",
      "integrity": "sha1-Sb1jMdfQLQwJvJEKEHW6gWW1bfk=",
      "requires": {
        "once": "^1.3.0",
        "wrappy": "1"
      }
    },
    "inherits": {
      "version": "2.0.4",
      "resolved": "https://pkgs.dev.azure.com/cnhi/125f751f-110c-4da6-971f-7771903e4c66/_packaging/webcomponents/npm/registry/inherits/-/inherits-2.0.4.tgz",
      "integrity": "sha1-D6LGT5MpF8NDOg3tVTY6rjdBa3w="
    },
    "is-plain-obj": {
      "version": "1.1.0",
      "resolved": "https://pkgs.dev.azure.com/cnhi/125f751f-110c-4da6-971f-7771903e4c66/_packaging/webcomponents/npm/registry/is-plain-obj/-/is-plain-obj-1.1.0.tgz",
      "integrity": "sha1-caUMhCnfync8kqOQpKA7OfzVHT4="
    },
    "jsonfile": {
      "version": "4.0.0",
      "resolved": "https://pkgs.dev.azure.com/cnhi/125f751f-110c-4da6-971f-7771903e4c66/_packaging/webcomponents/npm/registry/jsonfile/-/jsonfile-4.0.0.tgz",
      "integrity": "sha1-h3Gq4HmbZAdrdmQPygWPnBDjPss=",
      "requires": {
        "graceful-fs": "^4.1.6"
      }
    },
    "lodash": {
      "version": "4.17.20",
      "resolved": "https://pkgs.dev.azure.com/cnhi/125f751f-110c-4da6-971f-7771903e4c66/_packaging/webcomponents/npm/registry/lodash/-/lodash-4.17.20.tgz",
      "integrity": "sha1-tEqbYpe8tpjxxRo1RaKzs2jVnFI="
    },
    "minimatch": {
      "version": "3.0.4",
      "resolved": "https://pkgs.dev.azure.com/cnhi/125f751f-110c-4da6-971f-7771903e4c66/_packaging/webcomponents/npm/registry/minimatch/-/minimatch-3.0.4.tgz",
      "integrity": "sha1-UWbihkV/AzBgZL5Ul+jbsMPTIIM=",
      "requires": {
        "brace-expansion": "^1.1.7"
      }
    },
    "normalize-url": {
      "version": "1.9.1",
      "resolved": "https://pkgs.dev.azure.com/cnhi/125f751f-110c-4da6-971f-7771903e4c66/_packaging/webcomponents/npm/registry/normalize-url/-/normalize-url-1.9.1.tgz",
      "integrity": "sha1-LMDWazHqIwNkWENuNiDYWVTGbDw=",
      "requires": {
        "object-assign": "^4.0.1",
        "prepend-http": "^1.0.0",
        "query-string": "^4.1.0",
        "sort-keys": "^1.0.0"
      }
    },
    "object-assign": {
      "version": "4.1.1",
      "resolved": "https://pkgs.dev.azure.com/cnhi/125f751f-110c-4da6-971f-7771903e4c66/_packaging/webcomponents/npm/registry/object-assign/-/object-assign-4.1.1.tgz",
      "integrity": "sha1-IQmtx5ZYh8/AXLvUQsrIv7s2CGM="
    },
    "once": {
      "version": "1.4.0",
      "resolved": "https://pkgs.dev.azure.com/cnhi/125f751f-110c-4da6-971f-7771903e4c66/_packaging/webcomponents/npm/registry/once/-/once-1.4.0.tgz",
      "integrity": "sha1-WDsap3WWHUsROsF9nFC6753Xa9E=",
      "requires": {
        "wrappy": "1"
      }
    },
    "path-is-absolute": {
      "version": "1.0.1",
      "resolved": "https://pkgs.dev.azure.com/cnhi/125f751f-110c-4da6-971f-7771903e4c66/_packaging/webcomponents/npm/registry/path-is-absolute/-/path-is-absolute-1.0.1.tgz",
      "integrity": "sha1-F0uSaHNVNP+8es5r9TpanhtcX18="
    },
    "pify": {
      "version": "2.3.0",
      "resolved": "https://pkgs.dev.azure.com/cnhi/125f751f-110c-4da6-971f-7771903e4c66/_packaging/webcomponents/npm/registry/pify/-/pify-2.3.0.tgz",
      "integrity": "sha1-7RQaasBDqEnqWISY59yosVMw6Qw="
    },
    "pinkie": {
      "version": "2.0.4",
      "resolved": "https://pkgs.dev.azure.com/cnhi/125f751f-110c-4da6-971f-7771903e4c66/_packaging/webcomponents/npm/registry/pinkie/-/pinkie-2.0.4.tgz",
      "integrity": "sha1-clVrgM+g1IqXToDnckjoDtT3+HA="
    },
    "pinkie-promise": {
      "version": "2.0.1",
      "resolved": "https://pkgs.dev.azure.com/cnhi/125f751f-110c-4da6-971f-7771903e4c66/_packaging/webcomponents/npm/registry/pinkie-promise/-/pinkie-promise-2.0.1.tgz",
      "integrity": "sha1-ITXW36ejWMBprJsXh3YogihFD/o=",
      "requires": {
        "pinkie": "^2.0.0"
      }
    },
    "prepend-http": {
      "version": "1.0.4",
      "resolved": "https://pkgs.dev.azure.com/cnhi/125f751f-110c-4da6-971f-7771903e4c66/_packaging/webcomponents/npm/registry/prepend-http/-/prepend-http-1.0.4.tgz",
      "integrity": "sha1-1PRWKwzjaW5BrFLQ4ALlemNdxtw="
    },
    "query-string": {
      "version": "4.3.4",
      "resolved": "https://pkgs.dev.azure.com/cnhi/125f751f-110c-4da6-971f-7771903e4c66/_packaging/webcomponents/npm/registry/query-string/-/query-string-4.3.4.tgz",
      "integrity": "sha1-u7aTucqRXCMlFbIosaArYJBD2+s=",
      "requires": {
        "object-assign": "^4.1.0",
        "strict-uri-encode": "^1.0.0"
      }
    },
    "sort-keys": {
      "version": "1.1.2",
      "resolved": "https://pkgs.dev.azure.com/cnhi/125f751f-110c-4da6-971f-7771903e4c66/_packaging/webcomponents/npm/registry/sort-keys/-/sort-keys-1.1.2.tgz",
      "integrity": "sha1-RBttTTRnmPG05J6JIK37oOVD+a0=",
      "requires": {
        "is-plain-obj": "^1.0.0"
      }
    },
    "strict-uri-encode": {
      "version": "1.1.0",
      "resolved": "https://pkgs.dev.azure.com/cnhi/125f751f-110c-4da6-971f-7771903e4c66/_packaging/webcomponents/npm/registry/strict-uri-encode/-/strict-uri-encode-1.1.0.tgz",
      "integrity": "sha1-J5siXfHVgrH1TmWt3UNS4Y+qBxM="
    },
    "string-includes-polyfill": {
      "version": "1.0.3",
      "resolved": "https://pkgs.dev.azure.com/cnhi/125f751f-110c-4da6-971f-7771903e4c66/_packaging/webcomponents/npm/registry/string-includes-polyfill/-/string-includes-polyfill-1.0.3.tgz",
      "integrity": "sha1-S2ooi/8c8NPsXITUmEdLsE2mikw="
    },
    "strip-outer": {
      "version": "1.0.1",
      "resolved": "https://pkgs.dev.azure.com/cnhi/125f751f-110c-4da6-971f-7771903e4c66/_packaging/webcomponents/npm/registry/strip-outer/-/strip-outer-1.0.1.tgz",
      "integrity": "sha1-sv0qv2YEudHmATBXGV34Nrip1jE=",
      "requires": {
        "escape-string-regexp": "^1.0.2"
      }
    },
    "strip-url-auth": {
      "version": "1.0.1",
      "resolved": "https://pkgs.dev.azure.com/cnhi/125f751f-110c-4da6-971f-7771903e4c66/_packaging/webcomponents/npm/registry/strip-url-auth/-/strip-url-auth-1.0.1.tgz",
      "integrity": "sha1-IrD6OkE4WzO+PzMVUbu4N/oM164="
    },
    "trim-repeated": {
      "version": "1.0.0",
      "resolved": "https://pkgs.dev.azure.com/cnhi/125f751f-110c-4da6-971f-7771903e4c66/_packaging/webcomponents/npm/registry/trim-repeated/-/trim-repeated-1.0.0.tgz",
      "integrity": "sha1-42RqLqTokTEr9+rObPsFOAvAHCE=",
      "requires": {
        "escape-string-regexp": "^1.0.2"
      }
    },
    "universalify": {
      "version": "0.1.2",
      "resolved": "https://pkgs.dev.azure.com/cnhi/125f751f-110c-4da6-971f-7771903e4c66/_packaging/webcomponents/npm/registry/universalify/-/universalify-0.1.2.tgz",
      "integrity": "sha1-tkb2m+OULavOzJ1mOcgNwQXvqmY="
    },
    "wrappy": {
      "version": "1.0.2",
      "resolved": "https://pkgs.dev.azure.com/cnhi/125f751f-110c-4da6-971f-7771903e4c66/_packaging/webcomponents/npm/registry/wrappy/-/wrappy-1.0.2.tgz",
      "integrity": "sha1-tSQ9jz7BqjXxNkYFvA0QNuMKtp8="
    }
  }
}
